
Microsoft Visual Studio Solution File, Format Version 12.00
# Visual Studio Version 17
VisualStudioVersion = 17.3.32922.545
MinimumVisualStudioVersion = 10.0.40219.1
Project("{FAE04EC0-301F-11D3-BF4B-00C04F79EFBC}") = "ContosoUniversity", "ContosoUniversity\ContosoUniversity.csproj", "{265419D6-016E-40D8-BEF3-9EA182D0746E}"
EndProject
Global
	GlobalSection(SolutionConfigurationPlatforms) = preSolution
		Debug|Any CPU = Debug|Any CPU
		Release|Any CPU = Release|Any CPU
	EndGlobalSection
	GlobalSection(ProjectConfigurationPlatforms) = postSolution
		{265419D6-016E-40D8-BEF3-9EA182D0746E}.Debug|Any CPU.ActiveCfg = Debug|Any CPU
		{265419D6-016E-40D8-BEF3-9EA182D0746E}.Debug|Any CPU.Build.0 = Debug|Any CPU
		{265419D6-016E-40D8-BEF3-9EA182D0746E}.Release|Any CPU.ActiveCfg = Release|Any CPU
		{265419D6-016E-40D8-BEF3-9EA182D0746E}.Release|Any CPU.Build.0 = Release|Any CPU
	EndGlobalSection
	GlobalSection(SolutionProperties) = preSolution
		HideSolutionNode = FALSE
	EndGlobalSection
	GlobalSection(ExtensibilityGlobals) = postSolution
		SolutionGuid = {93E59A00-4EB2-4BEC-85F2-DD6CCA0D2285}
	EndGlobalSection
EndGlobal
